// !$*UTF8*$!
{
	archiveVersion = 1;
	classes = {
	};
	objectVersion = 46;
	objects = {

/* Begin PBXBuildFile section */
		8B6491F71EF10B8300F3B123 /* AppDelegate.swift in Sources */ = {isa = PBXBuildFile; fileRef = 8B6491F61EF10B8300F3B123 /* AppDelegate.swift */; };
		8B6491F91EF10B8300F3B123 /* ViewController.swift in Sources */ = {isa = PBXBuildFile; fileRef = 8B6491F81EF10B8300F3B123 /* ViewController.swift */; };
		8B6491FC1EF10B8300F3B123 /* Main.storyboard in Resources */ = {isa = PBXBuildFile; fileRef = 8B6491FA1EF10B8300F3B123 /* Main.storyboard */; };
		8B6491FE1EF10B8300F3B123 /* Assets.xcassets in Resources */ = {isa = PBXBuildFile; fileRef = 8B6491FD1EF10B8300F3B123 /* Assets.xcassets */; };
		8B6492011EF10B8300F3B123 /* LaunchScreen.storyboard in Resources */ = {isa = PBXBuildFile; fileRef = 8B6491FF1EF10B8300F3B123 /* LaunchScreen.storyboard */; };
		8B64920C1EF10B8300F3B123 /* RJDS_swiftTests.swift in Sources */ = {isa = PBXBuildFile; fileRef = 8B64920B1EF10B8300F3B123 /* RJDS_swiftTests.swift */; };
		8B6492171EF10B8300F3B123 /* RJDS_swiftUITests.swift in Sources */ = {isa = PBXBuildFile; fileRef = 8B6492161EF10B8300F3B123 /* RJDS_swiftUITests.swift */; };
		8B70DCED1EF17CA800A73D43 /* clear@2x.png in Resources */ = {isa = PBXBuildFile; fileRef = 8B70DCDF1EF17CA800A73D43 /* clear@2x.png */; };
		8B70DCEE1EF17CA800A73D43 /* close@2x.png in Resources */ = {isa = PBXBuildFile; fileRef = 8B70DCE01EF17CA800A73D43 /* close@2x.png */; };
		8B70DCEF1EF17CA800A73D43 /* found@2x.png in Resources */ = {isa = PBXBuildFile; fileRef = 8B70DCE11EF17CA800A73D43 /* found@2x.png */; };
		8B70DCF01EF17CA800A73D43 /* found_s@2x.png in Resources */ = {isa = PBXBuildFile; fileRef = 8B70DCE21EF17CA800A73D43 /* found_s@2x.png */; };
		8B70DCF11EF17CA800A73D43 /* logo.png in Resources */ = {isa = PBXBuildFile; fileRef = 8B70DCE31EF17CA800A73D43 /* logo.png */; };
		8B70DCF21EF17CA800A73D43 /* message@2x.png in Resources */ = {isa = PBXBuildFile; fileRef = 8B70DCE41EF17CA800A73D43 /* message@2x.png */; };
		8B70DCF31EF17CA800A73D43 /* message_s@2x.png in Resources */ = {isa = PBXBuildFile; fileRef = 8B70DCE51EF17CA800A73D43 /* message_s@2x.png */; };
		8B70DCF41EF17CA800A73D43 /* play.png in Resources */ = {isa = PBXBuildFile; fileRef = 8B70DCE61EF17CA800A73D43 /* play.png */; };
		8B70DCF51EF17CA800A73D43 /* playcount.png in Resources */ = {isa = PBXBuildFile; fileRef = 8B70DCE71EF17CA800A73D43 /* playcount.png */; };
		8B70DCF61EF17CA800A73D43 /* share@2x.png in Resources */ = {isa = PBXBuildFile; fileRef = 8B70DCE81EF17CA800A73D43 /* share@2x.png */; };
		8B70DCF71EF17CA800A73D43 /* share_s@2x.png in Resources */ = {isa = PBXBuildFile; fileRef = 8B70DCE91EF17CA800A73D43 /* share_s@2x.png */; };
		8B70DCF81EF17CA800A73D43 /* time.png in Resources */ = {isa = PBXBuildFile; fileRef = 8B70DCEA1EF17CA800A73D43 /* time.png */; };
		8B70DCF91EF17CA800A73D43 /* video_play_btn_bg@2x.png in Resources */ = {isa = PBXBuildFile; fileRef = 8B70DCEB1EF17CA800A73D43 /* video_play_btn_bg@2x.png */; };
		8B70DCFA1EF17CA800A73D43 /* videoData.json in Resources */ = {isa = PBXBuildFile; fileRef = 8B70DCEC1EF17CA800A73D43 /* videoData.json */; };
		ECC376183FD778BF3E9680B0 /* Pods_RJDS_swift.framework in Frameworks */ = {isa = PBXBuildFile; fileRef = 43927FC351E36338A62DC848 /* Pods_RJDS_swift.framework */; };
/* End PBXBuildFile section */

/* Begin PBXContainerItemProxy section */
		8B6492081EF10B8300F3B123 /* PBXContainerItemProxy */ = {
			isa = PBXContainerItemProxy;
			containerPortal = 8B6491EB1EF10B8300F3B123 /* Project object */;
			proxyType = 1;
			remoteGlobalIDString = 8B6491F21EF10B8300F3B123;
			remoteInfo = RJDS_swift;
		};
		8B6492131EF10B8300F3B123 /* PBXContainerItemProxy */ = {
			isa = PBXContainerItemProxy;
			containerPortal = 8B6491EB1EF10B8300F3B123 /* Project object */;
			proxyType = 1;
			remoteGlobalIDString = 8B6491F21EF10B8300F3B123;
			remoteInfo = RJDS_swift;
		};
/* End PBXContainerItemProxy section */

/* Begin PBXFileReference section */
		0D6875FC3654FE0A31284B87 /* Pods-RJDS_swift.release.xcconfig */ = {isa = PBXFileReference; includeInIndex = 1; lastKnownFileType = text.xcconfig; name = "Pods-RJDS_swift.release.xcconfig"; path = "Pods/Target Support Files/Pods-RJDS_swift/Pods-RJDS_swift.release.xcconfig"; sourceTree = "<group>"; };
		43927FC351E36338A62DC848 /* Pods_RJDS_swift.framework */ = {isa = PBXFileReference; explicitFileType = wrapper.framework; includeInIndex = 0; path = Pods_RJDS_swift.framework; sourceTree = BUILT_PRODUCTS_DIR; };
		85DED0694EADEC8F6849F8C2 /* Pods_RJDS_swiftTests.framework */ = {isa = PBXFileReference; explicitFileType = wrapper.framework; includeInIndex = 0; path = Pods_RJDS_swiftTests.framework; sourceTree = BUILT_PRODUCTS_DIR; };
		8B6491F31EF10B8300F3B123 /* RJDS_swift.app */ = {isa = PBXFileReference; explicitFileType = wrapper.application; includeInIndex = 0; path = RJDS_swift.app; sourceTree = BUILT_PRODUCTS_DIR; };
		8B6491F61EF10B8300F3B123 /* AppDelegate.swift */ = {isa = PBXFileReference; lastKnownFileType = sourcecode.swift; path = AppDelegate.swift; sourceTree = "<group>"; };
		8B6491F81EF10B8300F3B123 /* ViewController.swift */ = {isa = PBXFileReference; lastKnownFileType = sourcecode.swift; path = ViewController.swift; sourceTree = "<group>"; };
		8B6491FB1EF10B8300F3B123 /* Base */ = {isa = PBXFileReference; lastKnownFileType = file.storyboard; name = Base; path = Base.lproj/Main.storyboard; sourceTree = "<group>"; };
		8B6491FD1EF10B8300F3B123 /* Assets.xcassets */ = {isa = PBXFileReference; lastKnownFileType = folder.assetcatalog; path = Assets.xcassets; sourceTree = "<group>"; };
		8B6492001EF10B8300F3B123 /* Base */ = {isa = PBXFileReference; lastKnownFileType = file.storyboard; name = Base; path = Base.lproj/LaunchScreen.storyboard; sourceTree = "<group>"; };
		8B6492021EF10B8300F3B123 /* Info.plist */ = {isa = PBXFileReference; lastKnownFileType = text.plist.xml; path = Info.plist; sourceTree = "<group>"; };
		8B6492071EF10B8300F3B123 /* RJDS_swiftTests.xctest */ = {isa = PBXFileReference; explicitFileType = wrapper.cfbundle; includeInIndex = 0; path = RJDS_swiftTests.xctest; sourceTree = BUILT_PRODUCTS_DIR; };
		8B64920B1EF10B8300F3B123 /* RJDS_swiftTests.swift */ = {isa = PBXFileReference; lastKnownFileType = sourcecode.swift; path = RJDS_swiftTests.swift; sourceTree = "<group>"; };
		8B64920D1EF10B8300F3B123 /* Info.plist */ = {isa = PBXFileReference; lastKnownFileType = text.plist.xml; path = Info.plist; sourceTree = "<group>"; };
		8B6492121EF10B8300F3B123 /* RJDS_swiftUITests.xctest */ = {isa = PBXFileReference; explicitFileType = wrapper.cfbundle; includeInIndex = 0; path = RJDS_swiftUITests.xctest; sourceTree = BUILT_PRODUCTS_DIR; };
		8B6492161EF10B8300F3B123 /* RJDS_swiftUITests.swift */ = {isa = PBXFileReference; lastKnownFileType = sourcecode.swift; path = RJDS_swiftUITests.swift; sourceTree = "<group>"; };
		8B6492181EF10B8300F3B123 /* Info.plist */ = {isa = PBXFileReference; lastKnownFileType = text.plist.xml; path = Info.plist; sourceTree = "<group>"; };
		8B70DCDF1EF17CA800A73D43 /* clear@2x.png */ = {isa = PBXFileReference; lastKnownFileType = image.png; path = "clear@2x.png"; sourceTree = "<group>"; };
		8B70DCE01EF17CA800A73D43 /* close@2x.png */ = {isa = PBXFileReference; lastKnownFileType = image.png; path = "close@2x.png"; sourceTree = "<group>"; };
		8B70DCE11EF17CA800A73D43 /* found@2x.png */ = {isa = PBXFileReference; lastKnownFileType = image.png; path = "found@2x.png"; sourceTree = "<group>"; };
		8B70DCE21EF17CA800A73D43 /* found_s@2x.png */ = {isa = PBXFileReference; lastKnownFileType = image.png; path = "found_s@2x.png"; sourceTree = "<group>"; };
		8B70DCE31EF17CA800A73D43 /* logo.png */ = {isa = PBXFileReference; lastKnownFileType = image.png; path = logo.png; sourceTree = "<group>"; };
		8B70DCE41EF17CA800A73D43 /* message@2x.png */ = {isa = PBXFileReference; lastKnownFileType = image.png; path = "message@2x.png"; sourceTree = "<group>"; };
		8B70DCE51EF17CA800A73D43 /* message_s@2x.png */ = {isa = PBXFileReference; lastKnownFileType = image.png; path = "message_s@2x.png"; sourceTree = "<group>"; };
		8B70DCE61EF17CA800A73D43 /* play.png */ = {isa = PBXFileReference; lastKnownFileType = image.png; path = play.png; sourceTree = "<group>"; };
		8B70DCE71EF17CA800A73D43 /* playcount.png */ = {isa = PBXFileReference; lastKnownFileType = image.png; path = playcount.png; sourceTree = "<group>"; };
		8B70DCE81EF17CA800A73D43 /* share@2x.png */ = {isa = PBXFileReference; lastKnownFileType = image.png; path = "share@2x.png"; sourceTree = "<group>"; };
		8B70DCE91EF17CA800A73D43 /* share_s@2x.png */ = {isa = PBXFileReference; lastKnownFileType = image.png; path = "share_s@2x.png"; sourceTree = "<group>"; };
		8B70DCEA1EF17CA800A73D43 /* time.png */ = {isa = PBXFileReference; lastKnownFileType = image.png; path = time.png; sourceTree = "<group>"; };
		8B70DCEB1EF17CA800A73D43 /* video_play_btn_bg@2x.png */ = {isa = PBXFileReference; lastKnownFileType = image.png; path = "video_play_btn_bg@2x.png"; sourceTree = "<group>"; };
		8B70DCEC1EF17CA800A73D43 /* videoData.json */ = {isa = PBXFileReference; fileEncoding = 4; lastKnownFileType = text.json; path = videoData.json; sourceTree = "<group>"; };
		977986A3C13E31BE031ACA36 /* Pods_RJDS_swiftUITests.framework */ = {isa = PBXFileReference; explicitFileType = wrapper.framework; includeInIndex = 0; path = Pods_RJDS_swiftUITests.framework; sourceTree = BUILT_PRODUCTS_DIR; };
		9B858C4F7B6233205D941961 /* Pods-RJDS_swift.debug.xcconfig */ = {isa = PBXFileReference; includeInIndex = 1; lastKnownFileType = text.xcconfig; name = "Pods-RJDS_swift.debug.xcconfig"; path = "Pods/Target Support Files/Pods-RJDS_swift/Pods-RJDS_swift.debug.xcconfig"; sourceTree = "<group>"; };
/* End PBXFileReference section */

/* Begin PBXFrameworksBuildPhase section */
		8B6491F01EF10B8300F3B123 /* Frameworks */ = {
			isa = PBXFrameworksBuildPhase;
			buildActionMask = 2147483647;
			files = (
				ECC376183FD778BF3E9680B0 /* Pods_RJDS_swift.framework in Frameworks */,
			);
			runOnlyForDeploymentPostprocessing = 0;
		};
		8B6492041EF10B8300F3B123 /* Frameworks */ = {
			isa = PBXFrameworksBuildPhase;
			buildActionMask = 2147483647;
			files = (
			);
			runOnlyForDeploymentPostprocessing = 0;
		};
		8B64920F1EF10B8300F3B123 /* Frameworks */ = {
			isa = PBXFrameworksBuildPhase;
			buildActionMask = 2147483647;
			files = (
			);
			runOnlyForDeploymentPostprocessing = 0;
		};
/* End PBXFrameworksBuildPhase section */

/* Begin PBXGroup section */
		669763DC07DDC751F02A9578 /* Pods */ = {
			isa = PBXGroup;
			children = (
				9B858C4F7B6233205D941961 /* Pods-RJDS_swift.debug.xcconfig */,
				0D6875FC3654FE0A31284B87 /* Pods-RJDS_swift.release.xcconfig */,
			);
			name = Pods;
			sourceTree = "<group>";
		};
		8B6491EA1EF10B8300F3B123 = {
			isa = PBXGroup;
			children = (
				8B6491F51EF10B8300F3B123 /* RJDS_swift */,
				8B64920A1EF10B8300F3B123 /* RJDS_swiftTests */,
				8B6492151EF10B8300F3B123 /* RJDS_swiftUITests */,
				8B6491F41EF10B8300F3B123 /* Products */,
				669763DC07DDC751F02A9578 /* Pods */,
				FE2669E11A7512530207AA2A /* Frameworks */,
			);
			sourceTree = "<group>";
		};
		8B6491F41EF10B8300F3B123 /* Products */ = {
			isa = PBXGroup;
			children = (
				8B6491F31EF10B8300F3B123 /* RJDS_swift.app */,
				8B6492071EF10B8300F3B123 /* RJDS_swiftTests.xctest */,
				8B6492121EF10B8300F3B123 /* RJDS_swiftUITests.xctest */,
			);
			name = Products;
			sourceTree = "<group>";
		};
		8B6491F51EF10B8300F3B123 /* RJDS_swift */ = {
			isa = PBXGroup;
			children = (
				8B70DCD11EF17C9300A73D43 /* Class */,
				8B6491F61EF10B8300F3B123 /* AppDelegate.swift */,
				8B6491F81EF10B8300F3B123 /* ViewController.swift */,
				8B6491FA1EF10B8300F3B123 /* Main.storyboard */,
				8B70DCDE1EF17CA800A73D43 /* Resource */,
				8B70DCEC1EF17CA800A73D43 /* videoData.json */,
				8B6491FD1EF10B8300F3B123 /* Assets.xcassets */,
				8B6491FF1EF10B8300F3B123 /* LaunchScreen.storyboard */,
				8B6492021EF10B8300F3B123 /* Info.plist */,
			);
			path = RJDS_swift;
			sourceTree = "<group>";
		};
		8B64920A1EF10B8300F3B123 /* RJDS_swiftTests */ = {
			isa = PBXGroup;
			children = (
				8B64920B1EF10B8300F3B123 /* RJDS_swiftTests.swift */,
				8B64920D1EF10B8300F3B123 /* Info.plist */,
			);
			path = RJDS_swiftTests;
			sourceTree = "<group>";
		};
		8B6492151EF10B8300F3B123 /* RJDS_swiftUITests */ = {
			isa = PBXGroup;
			children = (
				8B6492161EF10B8300F3B123 /* RJDS_swiftUITests.swift */,
				8B6492181EF10B8300F3B123 /* Info.plist */,
			);
			path = RJDS_swiftUITests;
			sourceTree = "<group>";
		};
		8B70DCD11EF17C9300A73D43 /* Class */ = {
			isa = PBXGroup;
			children = (
				8B70DCD21EF17C9300A73D43 /* Discover */,
				8B70DCD61EF17C9300A73D43 /* Extesion */,
				8B70DCD71EF17C9300A73D43 /* Home */,
				8B70DCD81EF17C9300A73D43 /* Login */,
				8B70DCD91EF17C9300A73D43 /* Main */,
				8B70DCDA1EF17C9300A73D43 /* Mine */,
				8B70DCDB1EF17C9300A73D43 /* Music */,
				8B70DCDC1EF17C9300A73D43 /* Third Party */,
				8B70DCDD1EF17C9300A73D43 /* Tools */,
			);
			path = Class;
			sourceTree = "<group>";
		};
		8B70DCD21EF17C9300A73D43 /* Discover */ = {
			isa = PBXGroup;
			children = (
				8B70DCD31EF17C9300A73D43 /* Controller */,
				8B70DCD41EF17C9300A73D43 /* Model */,
				8B70DCD51EF17C9300A73D43 /* View */,
			);
			path = Discover;
			sourceTree = "<group>";
		};
		8B70DCD31EF17C9300A73D43 /* Controller */ = {
			isa = PBXGroup;
			children = (
			);
			path = Controller;
			sourceTree = "<group>";
		};
		8B70DCD41EF17C9300A73D43 /* Model */ = {
			isa = PBXGroup;
			children = (
			);
			path = Model;
			sourceTree = "<group>";
		};
		8B70DCD51EF17C9300A73D43 /* View */ = {
			isa = PBXGroup;
			children = (
			);
			path = View;
			sourceTree = "<group>";
		};
		8B70DCD61EF17C9300A73D43 /* Extesion */ = {
			isa = PBXGroup;
			children = (
			);
			path = Extesion;
			sourceTree = "<group>";
		};
		8B70DCD71EF17C9300A73D43 /* Home */ = {
			isa = PBXGroup;
			children = (
			);
			path = Home;
			sourceTree = "<group>";
		};
		8B70DCD81EF17C9300A73D43 /* Login */ = {
			isa = PBXGroup;
			children = (
			);
			path = Login;
			sourceTree = "<group>";
		};
		8B70DCD91EF17C9300A73D43 /* Main */ = {
			isa = PBXGroup;
			children = (
			);
			path = Main;
			sourceTree = "<group>";
		};
		8B70DCDA1EF17C9300A73D43 /* Mine */ = {
			isa = PBXGroup;
			children = (
			);
			path = Mine;
			sourceTree = "<group>";
		};
		8B70DCDB1EF17C9300A73D43 /* Music */ = {
			isa = PBXGroup;
			children = (
			);
			path = Music;
			sourceTree = "<group>";
		};
		8B70DCDC1EF17C9300A73D43 /* Third Party */ = {
			isa = PBXGroup;
			children = (
			);
			path = "Third Party";
			sourceTree = "<group>";
		};
		8B70DCDD1EF17C9300A73D43 /* Tools */ = {
			isa = PBXGroup;
			children = (
			);
			path = Tools;
			sourceTree = "<group>";
		};
		8B70DCDE1EF17CA800A73D43 /* Resource */ = {
			isa = PBXGroup;
			children = (
				8B70DCDF1EF17CA800A73D43 /* clear@2x.png */,
				8B70DCE01EF17CA800A73D43 /* close@2x.png */,
				8B70DCE11EF17CA800A73D43 /* found@2x.png */,
				8B70DCE21EF17CA800A73D43 /* found_s@2x.png */,
				8B70DCE31EF17CA800A73D43 /* logo.png */,
				8B70DCE41EF17CA800A73D43 /* message@2x.png */,
				8B70DCE51EF17CA800A73D43 /* message_s@2x.png */,
				8B70DCE61EF17CA800A73D43 /* play.png */,
				8B70DCE71EF17CA800A73D43 /* playcount.png */,
				8B70DCE81EF17CA800A73D43 /* share@2x.png */,
				8B70DCE91EF17CA800A73D43 /* share_s@2x.png */,
				8B70DCEA1EF17CA800A73D43 /* time.png */,
				8B70DCEB1EF17CA800A73D43 /* video_play_btn_bg@2x.png */,
			);
			path = Resource;
			sourceTree = "<group>";
		};
		FE2669E11A7512530207AA2A /* Frameworks */ = {
			isa = PBXGroup;
			children = (
				43927FC351E36338A62DC848 /* Pods_RJDS_swift.framework */,
				85DED0694EADEC8F6849F8C2 /* Pods_RJDS_swiftTests.framework */,
				977986A3C13E31BE031ACA36 /* Pods_RJDS_swiftUITests.framework */,
			);
			name = Frameworks;
			sourceTree = "<group>";
		};
/* End PBXGroup section */

/* Begin PBXNativeTarget section */
		8B6491F21EF10B8300F3B123 /* RJDS_swift */ = {
			isa = PBXNativeTarget;
			buildConfigurationList = 8B64921B1EF10B8300F3B123 /* Build configuration list for PBXNativeTarget "RJDS_swift" */;
			buildPhases = (
				2BFF90E723F6967AD95ACADF /* [CP] Check Pods Manifest.lock */,
				8B6491EF1EF10B8300F3B123 /* Sources */,
				8B6491F01EF10B8300F3B123 /* Frameworks */,
				8B6491F11EF10B8300F3B123 /* Resources */,
				E566F6E68E3454939245339E /* [CP] Embed Pods Frameworks */,
				69CFF6CA09FE830D26582F00 /* [CP] Copy Pods Resources */,
			);
			buildRules = (
			);
			dependencies = (
			);
			name = RJDS_swift;
			productName = RJDS_swift;
			productReference = 8B6491F31EF10B8300F3B123 /* RJDS_swift.app */;
			productType = "com.apple.product-type.application";
		};
		8B6492061EF10B8300F3B123 /* RJDS_swiftTests */ = {
			isa = PBXNativeTarget;
			buildConfigurationList = 8B64921E1EF10B8300F3B123 /* Build configuration list for PBXNativeTarget "RJDS_swiftTests" */;
			buildPhases = (
				8B6492031EF10B8300F3B123 /* Sources */,
				8B6492041EF10B8300F3B123 /* Frameworks */,
				8B6492051EF10B8300F3B123 /* Resources */,
			);
			buildRules = (
			);
			dependencies = (
				8B6492091EF10B8300F3B123 /* PBXTargetDependency */,
			);
			name = RJDS_swiftTests;
			productName = RJDS_swiftTests;
			productReference = 8B6492071EF10B8300F3B123 /* RJDS_swiftTests.xctest */;
			productType = "com.apple.product-type.bundle.unit-test";
		};
		8B6492111EF10B8300F3B123 /* RJDS_swiftUITests */ = {
			isa = PBXNativeTarget;
			buildConfigurationList = 8B6492211EF10B8300F3B123 /* Build configuration list for PBXNativeTarget "RJDS_swiftUITests" */;
			buildPhases = (
				8B64920E1EF10B8300F3B123 /* Sources */,
				8B64920F1EF10B8300F3B123 /* Frameworks */,
				8B6492101EF10B8300F3B123 /* Resources */,
			);
			buildRules = (
			);
			dependencies = (
				8B6492141EF10B8300F3B123 /* PBXTargetDependency */,
			);
			name = RJDS_swiftUITests;
			productName = RJDS_swiftUITests;
			productReference = 8B6492121EF10B8300F3B123 /* RJDS_swiftUITests.xctest */;
			productType = "com.apple.product-type.bundle.ui-testing";
		};
/* End PBXNativeTarget section */

/* Begin PBXProject section */
		8B6491EB1EF10B8300F3B123 /* Project object */ = {
			isa = PBXProject;
			attributes = {
				LastSwiftUpdateCheck = 0830;
				LastUpgradeCheck = 0830;
				ORGANIZATIONNAME = app;
				TargetAttributes = {
					8B6491F21EF10B8300F3B123 = {
						CreatedOnToolsVersion = 8.3.2;
						ProvisioningStyle = Automatic;
					};
					8B6492061EF10B8300F3B123 = {
						CreatedOnToolsVersion = 8.3.2;
						ProvisioningStyle = Automatic;
						TestTargetID = 8B6491F21EF10B8300F3B123;
					};
					8B6492111EF10B8300F3B123 = {
						CreatedOnToolsVersion = 8.3.2;
						ProvisioningStyle = Automatic;
						TestTargetID = 8B6491F21EF10B8300F3B123;
					};
				};
			};
			buildConfigurationList = 8B6491EE1EF10B8300F3B123 /* Build configuration list for PBXProject "RJDS_swift" */;
			compatibilityVersion = "Xcode 3.2";
			developmentRegion = English;
			hasScannedForEncodings = 0;
			knownRegions = (
				en,
				Base,
			);
			mainGroup = 8B6491EA1EF10B8300F3B123;
			productRefGroup = 8B6491F41EF10B8300F3B123 /* Products */;
			projectDirPath = "";
			projectRoot = "";
			targets = (
				8B6491F21EF10B8300F3B123 /* RJDS_swift */,
				8B6492061EF10B8300F3B123 /* RJDS_swiftTests */,
				8B6492111EF10B8300F3B123 /* RJDS_swiftUITests */,
			);
		};
/* End PBXProject section */

/* Begin PBXResourcesBuildPhase section */
		8B6491F11EF10B8300F3B123 /* Resources */ = {
			isa = PBXResourcesBuildPhase;
			buildActionMask = 2147483647;
			files = (
				8B70DCF01EF17CA800A73D43 /* found_s@2x.png in Resources */,
				8B70DCF21EF17CA800A73D43 /* message@2x.png in Resources */,
				8B70DCEE1EF17CA800A73D43 /* close@2x.png in Resources */,
				8B70DCF51EF17CA800A73D43 /* playcount.png in Resources */,
				8B70DCF71EF17CA800A73D43 /* share_s@2x.png in Resources */,
				8B70DCFA1EF17CA800A73D43 /* videoData.json in Resources */,
				8B70DCED1EF17CA800A73D43 /* clear@2x.png in Resources */,
				8B6492011EF10B8300F3B123 /* LaunchScreen.storyboard in Resources */,
				8B70DCF11EF17CA800A73D43 /* logo.png in Resources */,
				8B6491FE1EF10B8300F3B123 /* Assets.xcassets in Resources */,
				8B70DCF41EF17CA800A73D43 /* play.png in Resources */,
				8B6491FC1EF10B8300F3B123 /* Main.storyboard in Resources */,
				8B70DCF81EF17CA800A73D43 /* time.png in Resources */,
				8B70DCF91EF17CA800A73D43 /* video_play_btn_bg@2x.png in Resources */,
				8B70DCF61EF17CA800A73D43 /* share@2x.png in Resources */,
				8B70DCF31EF17CA800A73D43 /* message_s@2x.png in Resources */,
				8B70DCEF1EF17CA800A73D43 /* found@2x.png in Resources */,
			);
			runOnlyForDeploymentPostprocessing = 0;
		};
		8B6492051EF10B8300F3B123 /* Resources */ = {
			isa = PBXResourcesBuildPhase;
			buildActionMask = 2147483647;
			files = (
			);
			runOnlyForDeploymentPostprocessing = 0;
		};
		8B6492101EF10B8300F3B123 /* Resources */ = {
			isa = PBXResourcesBuildPhase;
			buildActionMask = 2147483647;
			files = (
			);
			runOnlyForDeploymentPostprocessing = 0;
		};
/* End PBXResourcesBuildPhase section */

/* Begin PBXShellScriptBuildPhase section */
		2BFF90E723F6967AD95ACADF /* [CP] Check Pods Manifest.lock */ = {
			isa = PBXShellScriptBuildPhase;
			buildActionMask = 2147483647;
			files = (
			);
			inputPaths = (
			);
			name = "[CP] Check Pods Manifest.lock";
			outputPaths = (
			);
			runOnlyForDeploymentPostprocessing = 0;
			shellPath = /bin/sh;
			shellScript = "diff \"${PODS_ROOT}/../Podfile.lock\" \"${PODS_ROOT}/Manifest.lock\" > /dev/null\nif [ $? != 0 ] ; then\n    # print error to STDERR\n    echo \"error: The sandbox is not in sync with the Podfile.lock. Run 'pod install' or update your CocoaPods installation.\" >&2\n    exit 1\nfi\n";
			showEnvVarsInLog = 0;
		};
		69CFF6CA09FE830D26582F00 /* [CP] Copy Pods Resources */ = {
			isa = PBXShellScriptBuildPhase;
			buildActionMask = 2147483647;
			files = (
			);
			inputPaths = (
			);
			name = "[CP] Copy Pods Resources";
			outputPaths = (
			);
			runOnlyForDeploymentPostprocessing = 0;
			shellPath = /bin/sh;
			shellScript = "\"${SRCROOT}/Pods/Target Support Files/Pods-RJDS_swift/Pods-RJDS_swift-resources.sh\"\n";
			showEnvVarsInLog = 0;
		};
		E566F6E68E3454939245339E /* [CP] Embed Pods Frameworks */ = {
			isa = PBXShellScriptBuildPhase;
			buildActionMask = 2147483647;
			files = (
			);
			inputPaths = (
			);
			name = "[CP] Embed Pods Frameworks";
			outputPaths = (
			);
			runOnlyForDeploymentPostprocessing = 0;
			shellPath = /bin/sh;
			shellScript = "\"${SRCROOT}/Pods/Target Support Files/Pods-RJDS_swift/Pods-RJDS_swift-frameworks.sh\"\n";
			showEnvVarsInLog = 0;
		};
/* End PBXShellScriptBuildPhase section */

/* Begin PBXSourcesBuildPhase section */
		8B6491EF1EF10B8300F3B123 /* Sources */ = {
			isa = PBXSourcesBuildPhase;
			buildActionMask = 2147483647;
			files = (
				8B6491F91EF10B8300F3B123 /* ViewController.swift in Sources */,
				8B6491F71EF10B8300F3B123 /* AppDelegate.swift in Sources */,
			);
			runOnlyForDeploymentPostprocessing = 0;
		};
		8B6492031EF10B8300F3B123 /* Sources */ = {
			isa = PBXSourcesBuildPhase;
			buildActionMask = 2147483647;
			files = (
				8B64920C1EF10B8300F3B123 /* RJDS_swiftTests.swift in Sources */,
			);
			runOnlyForDeploymentPostprocessing = 0;
		};
		8B64920E1EF10B8300F3B123 /* Sources */ = {
			isa = PBXSourcesBuildPhase;
			buildActionMask = 2147483647;
			files = (
				8B6492171EF10B8300F3B123 /* RJDS_swiftUITests.swift in Sources */,
			);
			runOnlyForDeploymentPostprocessing = 0;
		};
/* End PBXSourcesBuildPhase section */

/* Begin PBXTargetDependency section */
		8B6492091EF10B8300F3B123 /* PBXTargetDependency */ = {
			isa = PBXTargetDependency;
			target = 8B6491F21EF10B8300F3B123 /* RJDS_swift */;
			targetProxy = 8B6492081EF10B8300F3B123 /* PBXContainerItemProxy */;
		};
		8B6492141EF10B8300F3B123 /* PBXTargetDependency */ = {
			isa = PBXTargetDependency;
			target = 8B6491F21EF10B8300F3B123 /* RJDS_swift */;
			targetProxy = 8B6492131EF10B8300F3B123 /* PBXContainerItemProxy */;
		};
/* End PBXTargetDependency section */

/* Begin PBXVariantGroup section */
		8B6491FA1EF10B8300F3B123 /* Main.storyboard */ = {
			isa = PBXVariantGroup;
			children = (
				8B6491FB1EF10B8300F3B123 /* Base */,
			);
			name = Main.storyboard;
			sourceTree = "<group>";
		};
		8B6491FF1EF10B8300F3B123 /* LaunchScreen.storyboard */ = {
			isa = PBXVariantGroup;
			children = (
				8B6492001EF10B8300F3B123 /* Base */,
			);
			name = LaunchScreen.storyboard;
			sourceTree = "<group>";
		};
/* End PBXVariantGroup section */

/* Begin XCBuildConfiguration section */
		8B6492191EF10B8300F3B123 /* Debug */ = {
			isa = XCBuildConfiguration;
			buildSettings = {
				ALWAYS_SEARCH_USER_PATHS = NO;
				CLANG_ANALYZER_NONNULL = YES;
				CLANG_ANALYZER_NUMBER_OBJECT_CONVERSION = YES_AGGRESSIVE;
				CLANG_CXX_LANGUAGE_STANDARD = "gnu++0x";
				CLANG_CXX_LIBRARY = "libc++";
				CLANG_ENABLE_MODULES = YES;
				CLANG_ENABLE_OBJC_ARC = YES;
				CLANG_WARN_BOOL_CONVERSION = YES;
				CLANG_WARN_CONSTANT_CONVERSION = YES;
				CLANG_WARN_DIRECT_OBJC_ISA_USAGE = YES_ERROR;
				CLANG_WARN_DOCUMENTATION_COMMENTS = YES;
				CLANG_WARN_EMPTY_BODY = YES;
				CLANG_WARN_ENUM_CONVERSION = YES;
				CLANG_WARN_INFINITE_RECURSION = YES;
				CLANG_WARN_INT_CONVERSION = YES;
				CLANG_WARN_OBJC_ROOT_CLASS = YES_ERROR;
				CLANG_WARN_SUSPICIOUS_MOVE = YES;
				CLANG_WARN_UNREACHABLE_CODE = YES;
				CLANG_WARN__DUPLICATE_METHOD_MATCH = YES;
				"CODE_SIGN_IDENTITY[sdk=iphoneos*]" = "iPhone Developer";
				COPY_PHASE_STRIP = NO;
				DEBUG_INFORMATION_FORMAT = dwarf;
				ENABLE_STRICT_OBJC_MSGSEND = YES;
				ENABLE_TESTABILITY = YES;
				GCC_C_LANGUAGE_STANDARD = gnu99;
				GCC_DYNAMIC_NO_PIC = NO;
				GCC_NO_COMMON_BLOCKS = YES;
				GCC_OPTIMIZATION_LEVEL = 0;
				GCC_PREPROCESSOR_DEFINITIONS = (
					"DEBUG=1",
					"$(inherited)",
				);
				GCC_WARN_64_TO_32_BIT_CONVERSION = YES;
				GCC_WARN_ABOUT_RETURN_TYPE = YES_ERROR;
				GCC_WARN_UNDECLARED_SELECTOR = YES;
				GCC_WARN_UNINITIALIZED_AUTOS = YES_AGGRESSIVE;
				GCC_WARN_UNUSED_FUNCTION = YES;
				GCC_WARN_UNUSED_VARIABLE = YES;
				IPHONEOS_DEPLOYMENT_TARGET = 10.3;
				MTL_ENABLE_DEBUG_INFO = YES;
				ONLY_ACTIVE_ARCH = YES;
				SDKROOT = iphoneos;
				SWIFT_ACTIVE_COMPILATION_CONDITIONS = DEBUG;
				SWIFT_OPTIMIZATION_LEVEL = "-Onone";
			};
			name = Debug;
		};
		8B64921A1EF10B8300F3B123 /* Release */ = {
			isa = XCBuildConfiguration;
			buildSettings = {
				ALWAYS_SEARCH_USER_PATHS = NO;
				CLANG_ANALYZER_NONNULL = YES;
				CLANG_ANALYZER_NUMBER_OBJECT_CONVERSION = YES_AGGRESSIVE;
				CLANG_CXX_LANGUAGE_STANDARD = "gnu++0x";
				CLANG_CXX_LIBRARY = "libc++";
				CLANG_ENABLE_MODULES = YES;
				CLANG_ENABLE_OBJC_ARC = YES;
				CLANG_WARN_BOOL_CONVERSION = YES;
				CLANG_WARN_CONSTANT_CONVERSION = YES;
				CLANG_WARN_DIRECT_OBJC_ISA_USAGE = YES_ERROR;
				CLANG_WARN_DOCUMENTATION_COMMENTS = YES;
				CLANG_WARN_EMPTY_BODY = YES;
				CLANG_WARN_ENUM_CONVERSION = YES;
				CLANG_WARN_INFINITE_RECURSION = YES;
				CLANG_WARN_INT_CONVERSION = YES;
				CLANG_WARN_OBJC_ROOT_CLASS = YES_ERROR;
				CLANG_WARN_SUSPICIOUS_MOVE = YES;
				CLANG_WARN_UNREACHABLE_CODE = YES;
				CLANG_WARN__DUPLICATE_METHOD_MATCH = YES;
				"CODE_SIGN_IDENTITY[sdk=iphoneos*]" = "iPhone Developer";
				COPY_PHASE_STRIP = NO;
				DEBUG_INFORMATION_FORMAT = "dwarf-with-dsym";
				ENABLE_NS_ASSERTIONS = NO;
				ENABLE_STRICT_OBJC_MSGSEND = YES;
				GCC_C_LANGUAGE_STANDARD = gnu99;
				GCC_NO_COMMON_BLOCKS = YES;
				GCC_WARN_64_TO_32_BIT_CONVERSION = YES;
				GCC_WARN_ABOUT_RETURN_TYPE = YES_ERROR;
				GCC_WARN_UNDECLARED_SELECTOR = YES;
				GCC_WARN_UNINITIALIZED_AUTOS = YES_AGGRESSIVE;
				GCC_WARN_UNUSED_FUNCTION = YES;
				GCC_WARN_UNUSED_VARIABLE = YES;
				IPHONEOS_DEPLOYMENT_TARGET = 10.3;
				MTL_ENABLE_DEBUG_INFO = NO;
				SDKROOT = iphoneos;
				SWIFT_OPTIMIZATION_LEVEL = "-Owholemodule";
				VALIDATE_PRODUCT = YES;
			};
			name = Release;
		};
		8B64921C1EF10B8300F3B123 /* Debug */ = {
			isa = XCBuildConfiguration;
			baseConfigurationReference = 9B858C4F7B6233205D941961 /* Pods-RJDS_swift.debug.xcconfig */;
			buildSettings = {
				ASSETCATALOG_COMPILER_APPICON_NAME = AppIcon;
				INFOPLIST_FILE = RJDS_swift/Info.plist;
				IPHONEOS_DEPLOYMENT_TARGET = 9.0;
				LD_RUNPATH_SEARCH_PATHS = "$(inherited) @executable_path/Frameworks";
				PRODUCT_BUNDLE_IDENTIFIER = "www.zuihuibao.cn.RJDS-swift";
				PRODUCT_NAME = "$(TARGET_NAME)";
				SWIFT_VERSION = 3.0;
			};
			name = Debug;
		};
		8B64921D1EF10B8300F3B123 /* Release */ = {
			isa = XCBuildConfiguration;
			baseConfigurationReference = 0D6875FC3654FE0A31284B87 /* Pods-RJDS_swift.release.xcconfig */;
			buildSettings = {
				ASSETCATALOG_COMPILER_APPICON_NAME = AppIcon;
				INFOPLIST_FILE = RJDS_swift/Info.plist;
				IPHONEOS_DEPLOYMENT_TARGET = 9.0;
				LD_RUNPATH_SEARCH_PATHS = "$(inherited) @executable_path/Frameworks";
				PRODUCT_BUNDLE_IDENTIFIER = "www.zuihuibao.cn.RJDS-swift";
				PRODUCT_NAME = "$(TARGET_NAME)";
				SWIFT_VERSION = 3.0;
			};
			name = Release;
		};
		8B64921F1EF10B8300F3B123 /* Debug */ = {
			isa = XCBuildConfiguration;
			buildSettings = {
				ALWAYS_EMBED_SWIFT_STANDARD_LIBRARIES = YES;
				BUNDLE_LOADER = "$(TEST_HOST)";
				INFOPLIST_FILE = RJDS_swiftTests/Info.plist;
				LD_RUNPATH_SEARCH_PATHS = "$(inherited) @executable_path/Frameworks @loader_path/Frameworks";
				PRODUCT_BUNDLE_IDENTIFIER = "www.zuihuibao.cn.RJDS-swiftTests";
				PRODUCT_NAME = "$(TARGET_NAME)";
				SWIFT_VERSION = 3.0;
				TEST_HOST = "$(BUILT_PRODUCTS_DIR)/RJDS_swift.app/RJDS_swift";
			};
			name = Debug;
		};
		8B6492201EF10B8300F3B123 /* Release */ = {
			isa = XCBuildConfiguration;
			buildSettings = {
				ALWAYS_EMBED_SWIFT_STANDARD_LIBRARIES = YES;
				BUNDLE_LOADER = "$(TEST_HOST)";
				INFOPLIST_FILE = RJDS_swiftTests/Info.plist;
				LD_RUNPATH_SEARCH_PATHS = "$(inherited) @executable_path/Frameworks @loader_path/Frameworks";
				PRODUCT_BUNDLE_IDENTIFIER = "www.zuihuibao.cn.RJDS-swiftTests";
				PRODUCT_NAME = "$(TARGET_NAME)";
				SWIFT_VERSION = 3.0;
				TEST_HOST = "$(BUILT_PRODUCTS_DIR)/RJDS_swift.app/RJDS_swift";
			};
			name = Release;
		};
		8B6492221EF10B8300F3B123 /* Debug */ = {
			isa = XCBuildConfiguration;
			buildSettings = {
				ALWAYS_EMBED_SWIFT_STANDARD_LIBRARIES = YES;
				INFOPLIST_FILE = RJDS_swiftUITests/Info.plist;
				LD_RUNPATH_SEARCH_PATHS = "$(inherited) @executable_path/Frameworks @loader_path/Frameworks";
				PRODUCT_BUNDLE_IDENTIFIER = "www.zuihuibao.cn.RJDS-swiftUITests";
				PRODUCT_NAME = "$(TARGET_NAME)";
				SWIFT_VERSION = 3.0;
				TEST_TARGET_NAME = RJDS_swift;
			};
			name = Debug;
		};
		8B6492231EF10B8300F3B123 /* Release */ = {
			isa = XCBuildConfiguration;
			buildSettings = {
				ALWAYS_EMBED_SWIFT_STANDARD_LIBRARIES = YES;
				INFOPLIST_FILE = RJDS_swiftUITests/Info.plist;
				LD_RUNPATH_SEARCH_PATHS = "$(inherited) @executable_path/Frameworks @loader_path/Frameworks";
				PRODUCT_BUNDLE_IDENTIFIER = "www.zuihuibao.cn.RJDS-swiftUITests";
				PRODUCT_NAME = "$(TARGET_NAME)";
				SWIFT_VERSION = 3.0;
				TEST_TARGET_NAME = RJDS_swift;
			};
			name = Release;
		};
/* End XCBuildConfiguration section */

/* Begin XCConfigurationList section */
		8B6491EE1EF10B8300F3B123 /* Build configuration list for PBXProject "RJDS_swift" */ = {
			isa = XCConfigurationList;
			buildConfigurations = (
				8B6492191EF10B8300F3B123 /* Debug */,
				8B64921A1EF10B8300F3B123 /* Release */,
			);
			defaultConfigurationIsVisible = 0;
			defaultConfigurationName = Release;
		};
		8B64921B1EF10B8300F3B123 /* Build configuration list for PBXNativeTarget "RJDS_swift" */ = {
			isa = XCConfigurationList;
			buildConfigurations = (
				8B64921C1EF10B8300F3B123 /* Debug */,
				8B64921D1EF10B8300F3B123 /* Release */,
			);
			defaultConfigurationIsVisible = 0;
			defaultConfigurationName = Release;
		};
		8B64921E1EF10B8300F3B123 /* Build configuration list for PBXNativeTarget "RJDS_swiftTests" */ = {
			isa = XCConfigurationList;
			buildConfigurations = (
				8B64921F1EF10B8300F3B123 /* Debug */,
				8B6492201EF10B8300F3B123 /* Release */,
			);
			defaultConfigurationIsVisible = 0;
			defaultConfigurationName = Release;
		};
		8B6492211EF10B8300F3B123 /* Build configuration list for PBXNativeTarget "RJDS_swiftUITests" */ = {
			isa = XCConfigurationList;
			buildConfigurations = (
				8B6492221EF10B8300F3B123 /* Debug */,
				8B6492231EF10B8300F3B123 /* Release */,
			);
			defaultConfigurationIsVisible = 0;
			defaultConfigurationName = Release;
		};
/* End XCConfigurationList section */
	};
	rootObject = 8B6491EB1EF10B8300F3B123 /* Project object */;
}
